
Microsoft Visual Studio Solution File, Format Version 12.00
# Visual Studio Version 17
VisualStudioVersion = 17.7.33808.371
MinimumVisualStudioVersion = 10.0.40219.1
Project("{54A90642-561A-4BB1-A94E-469ADEE60C69}") = "reactapp", "reactapp\reactapp.esproj", "{C3E12B64-9625-4AD2-9E11-A420DD722CC0}"
EndProject
Project("{9A19103F-16F7-4668-BE54-9A1E7A4F7556}") = "webapi", "webapi\webapi.csproj", "{F1AC6056-CE71-4242-91FF-D770B8B5BDA1}"
EndProject
Global
	GlobalSection(SolutionConfigurationPlatforms) = preSolution
		Debug|Any CPU = Debug|Any CPU
		Release|Any CPU = Release|Any CPU
	EndGlobalSection
	GlobalSection(ProjectConfigurationPlatforms) = postSolution
		{C3E12B64-9625-4AD2-9E11-A420DD722CC0}.Debug|Any CPU.ActiveCfg = Debug|Any CPU
		{C3E12B64-9625-4AD2-9E11-A420DD722CC0}.Debug|Any CPU.Build.0 = Debug|Any CPU
		{C3E12B64-9625-4AD2-9E11-A420DD722CC0}.Debug|Any CPU.Deploy.0 = Debug|Any CPU
		{C3E12B64-9625-4AD2-9E11-A420DD722CC0}.Release|Any CPU.ActiveCfg = Release|Any CPU
		{C3E12B64-9625-4AD2-9E11-A420DD722CC0}.Release|Any CPU.Build.0 = Release|Any CPU
		{C3E12B64-9625-4AD2-9E11-A420DD722CC0}.Release|Any CPU.Deploy.0 = Release|Any CPU
		{F1AC6056-CE71-4242-91FF-D770B8B5BDA1}.Debug|Any CPU.ActiveCfg = Debug|Any CPU
		{F1AC6056-CE71-4242-91FF-D770B8B5BDA1}.Debug|Any CPU.Build.0 = Debug|Any CPU
		{F1AC6056-CE71-4242-91FF-D770B8B5BDA1}.Release|Any CPU.ActiveCfg = Release|Any CPU
		{F1AC6056-CE71-4242-91FF-D770B8B5BDA1}.Release|Any CPU.Build.0 = Release|Any CPU
	EndGlobalSection
	GlobalSection(SolutionProperties) = preSolution
		HideSolutionNode = FALSE
	EndGlobalSection
	GlobalSection(ExtensibilityGlobals) = postSolution
		SolutionGuid = {65D02578-F67F-45FD-9532-E1E49C614E0A}
	EndGlobalSection
EndGlobal
